// !$*UTF8*$!
{
	archiveVersion = 1;
	classes = {
	};
	objectVersion = 77;
	objects = {

/* Begin PBXContainerItemProxy section */
		D0CA449A2CAC321100E6B928 /* PBXContainerItemProxy */ = {
			isa = PBXContainerItemProxy;
			containerPortal = D0CA447D2CAC321000E6B928 /* Project object */;
			proxyType = 1;
			remoteGlobalIDString = D0CA44842CAC321000E6B928;
			remoteInfo = MeasureTracker;
		};
		D0CA44A42CAC321100E6B928 /* PBXContainerItemProxy */ = {
			isa = PBXContainerItemProxy;
			containerPortal = D0CA447D2CAC321000E6B928 /* Project object */;
			proxyType = 1;
			remoteGlobalIDString = D0CA44842CAC321000E6B928;
			remoteInfo = MeasureTracker;
		};
/* End PBXContainerItemProxy section */

/* Begin PBXFileReference section */
		D0CA44852CAC321000E6B928 /* MeasureTracker.app */ = {isa = PBXFileReference; explicitFileType = wrapper.application; includeInIndex = 0; path = MeasureTracker.app; sourceTree = BUILT_PRODUCTS_DIR; };
		D0CA44992CAC321100E6B928 /* MeasureTrackerTests.xctest */ = {isa = PBXFileReference; explicitFileType = wrapper.cfbundle; includeInIndex = 0; path = MeasureTrackerTests.xctest; sourceTree = BUILT_PRODUCTS_DIR; };
		D0CA44A32CAC321100E6B928 /* MeasureTrackerUITests.xctest */ = {isa = PBXFileReference; explicitFileType = wrapper.cfbundle; includeInIndex = 0; path = MeasureTrackerUITests.xctest; sourceTree = BUILT_PRODUCTS_DIR; };
/* End PBXFileReference section */

/* Begin PBXFileSystemSynchronizedBuildFileExceptionSet section */
		D0FFE5D22D2AE306007EF7E0 /* Exceptions for "MeasureTracker" folder in "MeasureTracker" target */ = {
			isa = PBXFileSystemSynchronizedBuildFileExceptionSet;
			membershipExceptions = (
				Info.plist,
			);
			target = D0CA44842CAC321000E6B928 /* MeasureTracker */;
		};
/* End PBXFileSystemSynchronizedBuildFileExceptionSet section */

/* Begin PBXFileSystemSynchronizedRootGroup section */
		D0CA449C2CAC321100E6B928 /* MeasureTrackerTests */ = {
			isa = PBXFileSystemSynchronizedRootGroup;
			path = MeasureTrackerTests;
			sourceTree = "<group>";
		};
		D0CA44A62CAC321100E6B928 /* MeasureTrackerUITests */ = {
			isa = PBXFileSystemSynchronizedRootGroup;
			path = MeasureTrackerUITests;
			sourceTree = "<group>";
		};
		D0FFE5C92D2AE306007EF7E0 /* MeasureTracker */ = {
			isa = PBXFileSystemSynchronizedRootGroup;
			exceptions = (
				D0FFE5D22D2AE306007EF7E0 /* Exceptions for "MeasureTracker" folder in "MeasureTracker" target */,
			);
			path = MeasureTracker;
			sourceTree = "<group>";
		};
/* End PBXFileSystemSynchronizedRootGroup section */

/* Begin PBXFrameworksBuildPhase section */
		D0CA44822CAC321000E6B928 /* Frameworks */ = {
			isa = PBXFrameworksBuildPhase;
			buildActionMask = 2147483647;
			files = (
			);
			runOnlyForDeploymentPostprocessing = 0;
		};
		D0CA44962CAC321100E6B928 /* Frameworks */ = {
			isa = PBXFrameworksBuildPhase;
			buildActionMask = 2147483647;
			files = (
			);
			runOnlyForDeploymentPostprocessing = 0;
		};
		D0CA44A02CAC321100E6B928 /* Frameworks */ = {
			isa = PBXFrameworksBuildPhase;
			buildActionMask = 2147483647;
			files = (
			);
			runOnlyForDeploymentPostprocessing = 0;
		};
/* End PBXFrameworksBuildPhase section */

/* Begin PBXGroup section */
		D0CA447C2CAC321000E6B928 = {
			isa = PBXGroup;
			children = (
				D0FFE5C92D2AE306007EF7E0 /* MeasureTracker */,
				D0CA449C2CAC321100E6B928 /* MeasureTrackerTests */,
				D0CA44A62CAC321100E6B928 /* MeasureTrackerUITests */,
				D0CA44862CAC321000E6B928 /* Products */,
			);
			sourceTree = "<group>";
		};
		D0CA44862CAC321000E6B928 /* Products */ = {
			isa = PBXGroup;
			children = (
				D0CA44852CAC321000E6B928 /* MeasureTracker.app */,
				D0CA44992CAC321100E6B928 /* MeasureTrackerTests.xctest */,
				D0CA44A32CAC321100E6B928 /* MeasureTrackerUITests.xctest */,
			);
			name = Products;
			sourceTree = "<group>";
		};
/* End PBXGroup section */

/* Begin PBXNativeTarget section */
		D0CA44842CAC321000E6B928 /* MeasureTracker */ = {
			isa = PBXNativeTarget;
			buildConfigurationList = D0CA44AC2CAC321100E6B928 /* Build configuration list for PBXNativeTarget "MeasureTracker" */;
			buildPhases = (
				D0CA44812CAC321000E6B928 /* Sources */,
				D0CA44822CAC321000E6B928 /* Frameworks */,
				D0CA44832CAC321000E6B928 /* Resources */,
			);
			buildRules = (
			);
			dependencies = (
			);
			fileSystemSynchronizedGroups = (
				D0FFE5C92D2AE306007EF7E0 /* MeasureTracker */,
			);
			name = MeasureTracker;
			packageProductDependencies = (
			);
			productName = MeasureTracker;
			productReference = D0CA44852CAC321000E6B928 /* MeasureTracker.app */;
			productType = "com.apple.product-type.application";
		};
		D0CA44982CAC321100E6B928 /* MeasureTrackerTests */ = {
			isa = PBXNativeTarget;
			buildConfigurationList = D0CA44B12CAC321100E6B928 /* Build configuration list for PBXNativeTarget "MeasureTrackerTests" */;
			buildPhases = (
				D0CA44952CAC321100E6B928 /* Sources */,
				D0CA44962CAC321100E6B928 /* Frameworks */,
				D0CA44972CAC321100E6B928 /* Resources */,
			);
			buildRules = (
			);
			dependencies = (
				D0CA449B2CAC321100E6B928 /* PBXTargetDependency */,
			);
			fileSystemSynchronizedGroups = (
				D0CA449C2CAC321100E6B928 /* MeasureTrackerTests */,
			);
			name = MeasureTrackerTests;
			packageProductDependencies = (
			);
			productName = MeasureTrackerTests;
			productReference = D0CA44992CAC321100E6B928 /* MeasureTrackerTests.xctest */;
			productType = "com.apple.product-type.bundle.unit-test";
		};
		D0CA44A22CAC321100E6B928 /* MeasureTrackerUITests */ = {
			isa = PBXNativeTarget;
			buildConfigurationList = D0CA44B42CAC321100E6B928 /* Build configuration list for PBXNativeTarget "MeasureTrackerUITests" */;
			buildPhases = (
				D0CA449F2CAC321100E6B928 /* Sources */,
				D0CA44A02CAC321100E6B928 /* Frameworks */,
				D0CA44A12CAC321100E6B928 /* Resources */,
			);
			buildRules = (
			);
			dependencies = (
				D0CA44A52CAC321100E6B928 /* PBXTargetDependency */,
			);
			fileSystemSynchronizedGroups = (
				D0CA44A62CAC321100E6B928 /* MeasureTrackerUITests */,
			);
			name = MeasureTrackerUITests;
			packageProductDependencies = (
			);
			productName = MeasureTrackerUITests;
			productReference = D0CA44A32CAC321100E6B928 /* MeasureTrackerUITests.xctest */;
			productType = "com.apple.product-type.bundle.ui-testing";
		};
/* End PBXNativeTarget section */

/* Begin PBXProject section */
		D0CA447D2CAC321000E6B928 /* Project object */ = {
			isa = PBXProject;
			attributes = {
				BuildIndependentTargetsInParallel = 1;
				LastSwiftUpdateCheck = 1600;
				LastUpgradeCheck = 1600;
				TargetAttributes = {
					D0CA44842CAC321000E6B928 = {
						CreatedOnToolsVersion = 16.0;
					};
					D0CA44982CAC321100E6B928 = {
						CreatedOnToolsVersion = 16.0;
						TestTargetID = D0CA44842CAC321000E6B928;
					};
					D0CA44A22CAC321100E6B928 = {
						CreatedOnToolsVersion = 16.0;
						TestTargetID = D0CA44842CAC321000E6B928;
					};
				};
			};
			buildConfigurationList = D0CA44802CAC321000E6B928 /* Build configuration list for PBXProject "MeasureTracker" */;
			developmentRegion = en;
			hasScannedForEncodings = 0;
			knownRegions = (
				en,
				Base,
			);
			mainGroup = D0CA447C2CAC321000E6B928;
			minimizedProjectReferenceProxies = 1;
			packageReferences = (
			);
			preferredProjectObjectVersion = 77;
			productRefGroup = D0CA44862CAC321000E6B928 /* Products */;
			projectDirPath = "";
			projectRoot = "";
			targets = (
				D0CA44842CAC321000E6B928 /* MeasureTracker */,
				D0CA44982CAC321100E6B928 /* MeasureTrackerTests */,
				D0CA44A22CAC321100E6B928 /* MeasureTrackerUITests */,
			);
		};
/* End PBXProject section */

/* Begin PBXResourcesBuildPhase section */
		D0CA44832CAC321000E6B928 /* Resources */ = {
			isa = PBXResourcesBuildPhase;
			buildActionMask = 2147483647;
			files = (
			);
			runOnlyForDeploymentPostprocessing = 0;
		};
		D0CA44972CAC321100E6B928 /* Resources */ = {
			isa = PBXResourcesBuildPhase;
			buildActionMask = 2147483647;
			files = (
			);
			runOnlyForDeploymentPostprocessing = 0;
		};
		D0CA44A12CAC321100E6B928 /* Resources */ = {
			isa = PBXResourcesBuildPhase;
			buildActionMask = 2147483647;
			files = (
			);
			runOnlyForDeploymentPostprocessing = 0;
		};
/* End PBXResourcesBuildPhase section */

/* Begin PBXSourcesBuildPhase section */
		D0CA44812CAC321000E6B928 /* Sources */ = {
			isa = PBXSourcesBuildPhase;
			buildActionMask = 2147483647;
			files = (
			);
			runOnlyForDeploymentPostprocessing = 0;
		};
		D0CA44952CAC321100E6B928 /* Sources */ = {
			isa = PBXSourcesBuildPhase;
			buildActionMask = 2147483647;
			files = (
			);
			runOnlyForDeploymentPostprocessing = 0;
		};
		D0CA449F2CAC321100E6B928 /* Sources */ = {
			isa = PBXSourcesBuildPhase;
			buildActionMask = 2147483647;
			files = (
			);
			runOnlyForDeploymentPostprocessing = 0;
		};
/* End PBXSourcesBuildPhase section */

/* Begin PBXTargetDependency section */
		D0CA449B2CAC321100E6B928 /* PBXTargetDependency */ = {
			isa = PBXTargetDependency;
			target = D0CA44842CAC321000E6B928 /* MeasureTracker */;
			targetProxy = D0CA449A2CAC321100E6B928 /* PBXContainerItemProxy */;
		};
		D0CA44A52CAC321100E6B928 /* PBXTargetDependency */ = {
			isa = PBXTargetDependency;
			target = D0CA44842CAC321000E6B928 /* MeasureTracker */;
			targetProxy = D0CA44A42CAC321100E6B928 /* PBXContainerItemProxy */;
		};
/* End PBXTargetDependency section */

/* Begin XCBuildConfiguration section */
		D0CA44AD2CAC321100E6B928 /* Debug */ = {
			isa = XCBuildConfiguration;
			buildSettings = {
				ASSETCATALOG_COMPILER_APPICON_NAME = AppIcon;
				ASSETCATALOG_COMPILER_GLOBAL_ACCENT_COLOR_NAME = AccentColor;
				CODE_SIGN_ENTITLEMENTS = MeasureTracker/MeasureTracker.entitlements;
				CODE_SIGN_IDENTITY = "Apple Development";
				CODE_SIGN_STYLE = Automatic;
				CURRENT_PROJECT_VERSION = 1;
				DEVELOPMENT_ASSET_PATHS = "\"MeasureTracker/Preview Content\"";
				DEVELOPMENT_TEAM = X24F277H4M;
				ENABLE_PREVIEWS = YES;
				GENERATE_INFOPLIST_FILE = YES;
				INFOPLIST_FILE = MeasureTracker/Info.plist;
				INFOPLIST_KEY_UIApplicationSceneManifest_Generation = YES;
				INFOPLIST_KEY_UIApplicationSupportsIndirectInputEvents = YES;
				INFOPLIST_KEY_UILaunchScreen_Generation = YES;
				INFOPLIST_KEY_UISupportedInterfaceOrientations_iPad = "UIInterfaceOrientationPortrait UIInterfaceOrientationPortraitUpsideDown UIInterfaceOrientationLandscapeLeft UIInterfaceOrientationLandscapeRight";
				INFOPLIST_KEY_UISupportedInterfaceOrientations_iPhone = "UIInterfaceOrientationPortrait UIInterfaceOrientationLandscapeLeft UIInterfaceOrientationLandscapeRight";
				LD_RUNPATH_SEARCH_PATHS = (
					"$(inherited)",
					"@executable_path/Frameworks",
				);
				MARKETING_VERSION = 1.0;
				PRODUCT_BUNDLE_IDENTIFIER = dev.biaherculano.MeasureTracker;
				PRODUCT_NAME = "$(TARGET_NAME)";
				PROVISIONING_PROFILE_SPECIFIER = "";
				SWIFT_EMIT_LOC_STRINGS = YES;
				SWIFT_VERSION = 5.0;
				TARGETED_DEVICE_FAMILY = "1,2";
			};
			name = Debug;
		};
		D0CA44AE2CAC321100E6B928 /* Release */ = {
			isa = XCBuildConfiguration;
			buildSettings = {
				ASSETCATALOG_COMPILER_APPICON_NAME = AppIcon;
				ASSETCATALOG_COMPILER_GLOBAL_ACCENT_COLOR_NAME = AccentColor;
				CODE_SIGN_ENTITLEMENTS = MeasureTracker/MeasureTracker.entitlements;
				CODE_SIGN_IDENTITY = "Apple Development";
				CODE_SIGN_STYLE = Automatic;
				CURRENT_PROJECT_VERSION = 1;
				DEVELOPMENT_ASSET_PATHS = "\"MeasureTracker/Preview Content\"";
				DEVELOPMENT_TEAM = X24F277H4M;
				ENABLE_PREVIEWS = YES;
				GENERATE_INFOPLIST_FILE = YES;
				INFOPLIST_FILE = MeasureTracker/Info.plist;
				INFOPLIST_KEY_UIApplicationSceneManifest_Generation = YES;
				INFOPLIST_KEY_UIApplicationSupportsIndirectInputEvents = YES;
				INFOPLIST_KEY_UILaunchScreen_Generation = YES;
				INFOPLIST_KEY_UISupportedInterfaceOrientations_iPad = "UIInterfaceOrientationPortrait UIInterfaceOrientationPortraitUpsideDown UIInterfaceOrientationLandscapeLeft UIInterfaceOrientationLandscapeRight";
				INFOPLIST_KEY_UISupportedInterfaceOrientations_iPhone = "UIInterfaceOrientationPortrait UIInterfaceOrientationLandscapeLeft UIInterfaceOrientationLandscapeRight";
				LD_RUNPATH_SEARCH_PATHS = (
					"$(inherited)",
					"@executable_path/Frameworks",
				);
				MARKETING_VERSION = 1.0;
				PRODUCT_BUNDLE_IDENTIFIER = dev.biaherculano.MeasureTracker;
				PRODUCT_NAME = "$(TARGET_NAME)";
				PROVISIONING_PROFILE_SPECIFIER = "";
				SWIFT_EMIT_LOC_STRINGS = YES;
				SWIFT_VERSION = 5.0;
				TARGETED_DEVICE_FAMILY = "1,2";
			};
			name = Release;
		};
		D0CA44AF2CAC321100E6B928 /* Debug */ = {
			isa = XCBuildConfiguration;
			buildSettings = {
				ALWAYS_SEARCH_USER_PATHS = NO;
				ASSETCATALOG_COMPILER_GENERATE_SWIFT_ASSET_SYMBOL_EXTENSIONS = YES;
				CLANG_ANALYZER_NONNULL = YES;
				CLANG_ANALYZER_NUMBER_OBJECT_CONVERSION = YES_AGGRESSIVE;
				CLANG_CXX_LANGUAGE_STANDARD = "gnu++20";
				CLANG_ENABLE_MODULES = YES;
				CLANG_ENABLE_OBJC_ARC = YES;
				CLANG_ENABLE_OBJC_WEAK = YES;
				CLANG_WARN_BLOCK_CAPTURE_AUTORELEASING = YES;
				CLANG_WARN_BOOL_CONVERSION = YES;
				CLANG_WARN_COMMA = YES;
				CLANG_WARN_CONSTANT_CONVERSION = YES;
				CLANG_WARN_DEPRECATED_OBJC_IMPLEMENTATIONS = YES;
				CLANG_WARN_DIRECT_OBJC_ISA_USAGE = YES_ERROR;
				CLANG_WARN_DOCUMENTATION_COMMENTS = YES;
				CLANG_WARN_EMPTY_BODY = YES;
				CLANG_WARN_ENUM_CONVERSION = YES;
				CLANG_WARN_INFINITE_RECURSION = YES;
				CLANG_WARN_INT_CONVERSION = YES;
				CLANG_WARN_NON_LITERAL_NULL_CONVERSION = YES;
				CLANG_WARN_OBJC_IMPLICIT_RETAIN_SELF = YES;
				CLANG_WARN_OBJC_LITERAL_CONVERSION = YES;
				CLANG_WARN_OBJC_ROOT_CLASS = YES_ERROR;
				CLANG_WARN_QUOTED_INCLUDE_IN_FRAMEWORK_HEADER = YES;
				CLANG_WARN_RANGE_LOOP_ANALYSIS = YES;
				CLANG_WARN_STRICT_PROTOTYPES = YES;
				CLANG_WARN_SUSPICIOUS_MOVE = YES;
				CLANG_WARN_UNGUARDED_AVAILABILITY = YES_AGGRESSIVE;
				CLANG_WARN_UNREACHABLE_CODE = YES;
				CLANG_WARN__DUPLICATE_METHOD_MATCH = YES;
				COPY_PHASE_STRIP = NO;
				DEBUG_INFORMATION_FORMAT = dwarf;
				ENABLE_STRICT_OBJC_MSGSEND = YES;
				ENABLE_TESTABILITY = YES;
				ENABLE_USER_SCRIPT_SANDBOXING = YES;
				GCC_C_LANGUAGE_STANDARD = gnu17;
				GCC_DYNAMIC_NO_PIC = NO;
				GCC_NO_COMMON_BLOCKS = YES;
				GCC_OPTIMIZATION_LEVEL = 0;
				GCC_PREPROCESSOR_DEFINITIONS = (
					"DEBUG=1",
					"$(inherited)",
				);
				GCC_WARN_64_TO_32_BIT_CONVERSION = YES;
				GCC_WARN_ABOUT_RETURN_TYPE = YES_ERROR;
				GCC_WARN_UNDECLARED_SELECTOR = YES;
				GCC_WARN_UNINITIALIZED_AUTOS = YES_AGGRESSIVE;
				GCC_WARN_UNUSED_FUNCTION = YES;
				GCC_WARN_UNUSED_VARIABLE = YES;
				IPHONEOS_DEPLOYMENT_TARGET = 18.0;
				LOCALIZATION_PREFERS_STRING_CATALOGS = YES;
				MTL_ENABLE_DEBUG_INFO = INCLUDE_SOURCE;
				MTL_FAST_MATH = YES;
				ONLY_ACTIVE_ARCH = YES;
				SDKROOT = iphoneos;
				SWIFT_ACTIVE_COMPILATION_CONDITIONS = "DEBUG $(inherited)";
				SWIFT_OPTIMIZATION_LEVEL = "-Onone";
			};
			name = Debug;
		};
		D0CA44B02CAC321100E6B928 /* Release */ = {
			isa = XCBuildConfiguration;
			buildSettings = {
				ALWAYS_SEARCH_USER_PATHS = NO;
				ASSETCATALOG_COMPILER_GENERATE_SWIFT_ASSET_SYMBOL_EXTENSIONS = YES;
				CLANG_ANALYZER_NONNULL = YES;
				CLANG_ANALYZER_NUMBER_OBJECT_CONVERSION = YES_AGGRESSIVE;
				CLANG_CXX_LANGUAGE_STANDARD = "gnu++20";
				CLANG_ENABLE_MODULES = YES;
				CLANG_ENABLE_OBJC_ARC = YES;
				CLANG_ENABLE_OBJC_WEAK = YES;
				CLANG_WARN_BLOCK_CAPTURE_AUTORELEASING = YES;
				CLANG_WARN_BOOL_CONVERSION = YES;
				CLANG_WARN_COMMA = YES;
				CLANG_WARN_CONSTANT_CONVERSION = YES;
				CLANG_WARN_DEPRECATED_OBJC_IMPLEMENTATIONS = YES;
				CLANG_WARN_DIRECT_OBJC_ISA_USAGE = YES_ERROR;
				CLANG_WARN_DOCUMENTATION_COMMENTS = YES;
				CLANG_WARN_EMPTY_BODY = YES;
				CLANG_WARN_ENUM_CONVERSION = YES;
				CLANG_WARN_INFINITE_RECURSION = YES;
				CLANG_WARN_INT_CONVERSION = YES;
				CLANG_WARN_NON_LITERAL_NULL_CONVERSION = YES;
				CLANG_WARN_OBJC_IMPLICIT_RETAIN_SELF = YES;
				CLANG_WARN_OBJC_LITERAL_CONVERSION = YES;
				CLANG_WARN_OBJC_ROOT_CLASS = YES_ERROR;
				CLANG_WARN_QUOTED_INCLUDE_IN_FRAMEWORK_HEADER = YES;
				CLANG_WARN_RANGE_LOOP_ANALYSIS = YES;
				CLANG_WARN_STRICT_PROTOTYPES = YES;
				CLANG_WARN_SUSPICIOUS_MOVE = YES;
				CLANG_WARN_UNGUARDED_AVAILABILITY = YES_AGGRESSIVE;
				CLANG_WARN_UNREACHABLE_CODE = YES;
				CLANG_WARN__DUPLICATE_METHOD_MATCH = YES;
				COPY_PHASE_STRIP = NO;
				DEBUG_INFORMATION_FORMAT = "dwarf-with-dsym";
				ENABLE_NS_ASSERTIONS = NO;
				ENABLE_STRICT_OBJC_MSGSEND = YES;
				ENABLE_USER_SCRIPT_SANDBOXING = YES;
				GCC_C_LANGUAGE_STANDARD = gnu17;
				GCC_NO_COMMON_BLOCKS = YES;
				GCC_WARN_64_TO_32_BIT_CONVERSION = YES;
				GCC_WARN_ABOUT_RETURN_TYPE = YES_ERROR;
				GCC_WARN_UNDECLARED_SELECTOR = YES;
				GCC_WARN_UNINITIALIZED_AUTOS = YES_AGGRESSIVE;
				GCC_WARN_UNUSED_FUNCTION = YES;
				GCC_WARN_UNUSED_VARIABLE = YES;
				IPHONEOS_DEPLOYMENT_TARGET = 18.0;
				LOCALIZATION_PREFERS_STRING_CATALOGS = YES;
				MTL_ENABLE_DEBUG_INFO = NO;
				MTL_FAST_MATH = YES;
				SDKROOT = iphoneos;
				SWIFT_COMPILATION_MODE = wholemodule;
				VALIDATE_PRODUCT = YES;
			};
			name = Release;
		};
		D0CA44B22CAC321100E6B928 /* Debug */ = {
			isa = XCBuildConfiguration;
			buildSettings = {
				BUNDLE_LOADER = "$(TEST_HOST)";
				CODE_SIGN_STYLE = Automatic;
				CURRENT_PROJECT_VERSION = 1;
				DEVELOPMENT_TEAM = X24F277H4M;
				GENERATE_INFOPLIST_FILE = YES;
				IPHONEOS_DEPLOYMENT_TARGET = 18.0;
				MARKETING_VERSION = 1.0;
				PRODUCT_BUNDLE_IDENTIFIER = dev.biaherculano.MeasureTrackerTests;
				PRODUCT_NAME = "$(TARGET_NAME)";
				SWIFT_EMIT_LOC_STRINGS = NO;
				SWIFT_VERSION = 5.0;
				TARGETED_DEVICE_FAMILY = "1,2";
				TEST_HOST = "$(BUILT_PRODUCTS_DIR)/MeasureTracker.app/$(BUNDLE_EXECUTABLE_FOLDER_PATH)/MeasureTracker";
			};
			name = Debug;
		};
		D0CA44B32CAC321100E6B928 /* Release */ = {
			isa = XCBuildConfiguration;
			buildSettings = {
				BUNDLE_LOADER = "$(TEST_HOST)";
				CODE_SIGN_STYLE = Automatic;
				CURRENT_PROJECT_VERSION = 1;
				DEVELOPMENT_TEAM = X24F277H4M;
				GENERATE_INFOPLIST_FILE = YES;
				IPHONEOS_DEPLOYMENT_TARGET = 18.0;
				MARKETING_VERSION = 1.0;
				PRODUCT_BUNDLE_IDENTIFIER = dev.biaherculano.MeasureTrackerTests;
				PRODUCT_NAME = "$(TARGET_NAME)";
				SWIFT_EMIT_LOC_STRINGS = NO;
				SWIFT_VERSION = 5.0;
				TARGETED_DEVICE_FAMILY = "1,2";
				TEST_HOST = "$(BUILT_PRODUCTS_DIR)/MeasureTracker.app/$(BUNDLE_EXECUTABLE_FOLDER_PATH)/MeasureTracker";
			};
			name = Release;
		};
		D0CA44B52CAC321100E6B928 /* Debug */ = {
			isa = XCBuildConfiguration;
			buildSettings = {
				CODE_SIGN_STYLE = Automatic;
				CURRENT_PROJECT_VERSION = 1;
				DEVELOPMENT_TEAM = X24F277H4M;
				GENERATE_INFOPLIST_FILE = YES;
				MARKETING_VERSION = 1.0;
				PRODUCT_BUNDLE_IDENTIFIER = dev.biaherculano.MeasureTrackerUITests;
				PRODUCT_NAME = "$(TARGET_NAME)";
				SWIFT_EMIT_LOC_STRINGS = NO;
				SWIFT_VERSION = 5.0;
				TARGETED_DEVICE_FAMILY = "1,2";
				TEST_TARGET_NAME = MeasureTracker;
			};
			name = Debug;
		};
		D0CA44B62CAC321100E6B928 /* Release */ = {
			isa = XCBuildConfiguration;
			buildSettings = {
				CODE_SIGN_STYLE = Automatic;
				CURRENT_PROJECT_VERSION = 1;
				DEVELOPMENT_TEAM = X24F277H4M;
				GENERATE_INFOPLIST_FILE = YES;
				MARKETING_VERSION = 1.0;
				PRODUCT_BUNDLE_IDENTIFIER = dev.biaherculano.MeasureTrackerUITests;
				PRODUCT_NAME = "$(TARGET_NAME)";
				SWIFT_EMIT_LOC_STRINGS = NO;
				SWIFT_VERSION = 5.0;
				TARGETED_DEVICE_FAMILY = "1,2";
				TEST_TARGET_NAME = MeasureTracker;
			};
			name = Release;
		};
/* End XCBuildConfiguration section */

/* Begin XCConfigurationList section */
		D0CA44802CAC321000E6B928 /* Build configuration list for PBXProject "MeasureTracker" */ = {
			isa = XCConfigurationList;
			buildConfigurations = (
				D0CA44AF2CAC321100E6B928 /* Debug */,
				D0CA44B02CAC321100E6B928 /* Release */,
			);
			defaultConfigurationIsVisible = 0;
			defaultConfigurationName = Release;
		};
		D0CA44AC2CAC321100E6B928 /* Build configuration list for PBXNativeTarget "MeasureTracker" */ = {
			isa = XCConfigurationList;
			buildConfigurations = (
				D0CA44AD2CAC321100E6B928 /* Debug */,
				D0CA44AE2CAC321100E6B928 /* Release */,
			);
			defaultConfigurationIsVisible = 0;
			defaultConfigurationName = Release;
		};
		D0CA44B12CAC321100E6B928 /* Build configuration list for PBXNativeTarget "MeasureTrackerTests" */ = {
			isa = XCConfigurationList;
			buildConfigurations = (
				D0CA44B22CAC321100E6B928 /* Debug */,
				D0CA44B32CAC321100E6B928 /* Release */,
			);
			defaultConfigurationIsVisible = 0;
			defaultConfigurationName = Release;
		};
		D0CA44B42CAC321100E6B928 /* Build configuration list for PBXNativeTarget "MeasureTrackerUITests" */ = {
			isa = XCConfigurationList;
			buildConfigurations = (
				D0CA44B52CAC321100E6B928 /* Debug */,
				D0CA44B62CAC321100E6B928 /* Release */,
			);
			defaultConfigurationIsVisible = 0;
			defaultConfigurationName = Release;
		};
/* End XCConfigurationList section */
	};
	rootObject = D0CA447D2CAC321000E6B928 /* Project object */;
}
